
Microsoft Visual Studio Solution File, Format Version 12.00
# Visual Studio Version 17
VisualStudioVersion = 17.0.31903.59
MinimumVisualStudioVersion = 10.0.40219.1
Project("{2150E333-8FDC-42A3-9474-1A3956D46DE8}") = "src", "src", "{827E0CD3-B72D-47B6-A68D-7590B98EB39B}"
EndProject
Project("{2150E333-8FDC-42A3-9474-1A3956D46DE8}") = "Common", "Common", "{BFF2DF6E-AA54-47C7-211F-79ACCBB4577C}"
EndProject
Project("{FAE04EC0-301F-11D3-BF4B-00C04F79EFBC}") = "DeskShare.SignalingServer", "src\SignalingServer\DeskShare.SignalingServer.csproj", "{6A65B708-4AE9-4B48-ABB1-BF6A92F7ADB5}"
EndProject
Project("{FAE04EC0-301F-11D3-BF4B-00C04F79EFBC}") = "DeskShare.UnitTests", "tests\UnitTests\DeskShare.UnitTests.csproj", "{0240DFFB-C211-4521-897E-8D7A6AFA0688}"
EndProject
Project("{FAE04EC0-301F-11D3-BF4B-00C04F79EFBC}") = "DeskShare.IntegrationTests", "tests\IntegrationTests\DeskShare.IntegrationTests.csproj", "{7D1FCCC2-80A4-4D57-ACC7-ECB8396210C0}"
EndProject
Project("{2150E333-8FDC-42A3-9474-1A3956D46DE8}") = "Stun", "Stun", "{5F45A920-9006-46AC-EC64-2792A5D1D95E}"
EndProject
Project("{FAE04EC0-301F-11D3-BF4B-00C04F79EFBC}") = "DeskShare.Stun", "src\Stun\DeskShare.Stun.csproj", "{5BB0CE32-992B-4219-99DB-4D4D3018E9B9}"
EndProject
Project("{2150E333-8FDC-42A3-9474-1A3956D46DE8}") = "Turn", "Turn", "{F8CC3675-6C11-2C91-57BA-9FF24215F3F4}"
EndProject
Project("{FAE04EC0-301F-11D3-BF4B-00C04F79EFBC}") = "DeskShare.Turn", "src\Turn\DeskShare.Turn.csproj", "{8BE477D3-87A9-4107-A675-A88494339DC4}"
EndProject
Project("{2150E333-8FDC-42A3-9474-1A3956D46DE8}") = "Core", "Core", "{8D626EA8-CB54-BC41-363A-217881BEBA6E}"
EndProject
Project("{FAE04EC0-301F-11D3-BF4B-00C04F79EFBC}") = "DeskShare.Core", "src\Core\DeskShare.Core.csproj", "{255BFBF0-4DCC-453A-BC39-496180B3B443}"
EndProject
Project("{FAE04EC0-301F-11D3-BF4B-00C04F79EFBC}") = "DeskShare.Common", "src\Common\DeskShare.Common.csproj", "{E643D021-3487-459E-BD71-80E260D87996}"
EndProject
Project("{2150E333-8FDC-42A3-9474-1A3956D46DE8}") = "ScreenSenderApp", "ScreenSenderApp", "{9771D518-1739-75AE-E965-F05B00BED883}"
EndProject
Project("{FAE04EC0-301F-11D3-BF4B-00C04F79EFBC}") = "DeskShare.ScreenSenderApp", "src\ScreenSenderApp\DeskShare.ScreenSenderApp.csproj", "{5F02A579-653A-4F9F-9227-E89439A2EE9A}"
EndProject
Project("{FAE04EC0-301F-11D3-BF4B-00C04F79EFBC}") = "DeskShare.DesktopAvalonia", "src\DeskShare.DesktopAvalonia\DeskShare.DesktopAvalonia.csproj", "{B9B3FE1D-8D14-4F1D-95B2-9E2F502F77E0}"
EndProject
Project("{FAE04EC0-301F-11D3-BF4B-00C04F79EFBC}") = "DeskShare.Desktop.Shared", "src\DeskShare.Desktop.Shared\DeskShare.Desktop.Shared.csproj", "{DB3E6C61-74A7-4CBF-8889-E36CB176338E}"
EndProject
Global
	GlobalSection(SolutionConfigurationPlatforms) = preSolution
		Debug|Any CPU = Debug|Any CPU
		Debug|x64 = Debug|x64
		Debug|x86 = Debug|x86
		Release|Any CPU = Release|Any CPU
		Release|x64 = Release|x64
		Release|x86 = Release|x86
	EndGlobalSection
	GlobalSection(ProjectConfigurationPlatforms) = postSolution
		{6A65B708-4AE9-4B48-ABB1-BF6A92F7ADB5}.Debug|Any CPU.ActiveCfg = Debug|Any CPU
		{6A65B708-4AE9-4B48-ABB1-BF6A92F7ADB5}.Debug|Any CPU.Build.0 = Debug|Any CPU
		{6A65B708-4AE9-4B48-ABB1-BF6A92F7ADB5}.Debug|x64.ActiveCfg = Debug|Any CPU
		{6A65B708-4AE9-4B48-ABB1-BF6A92F7ADB5}.Debug|x64.Build.0 = Debug|Any CPU
		{6A65B708-4AE9-4B48-ABB1-BF6A92F7ADB5}.Debug|x86.ActiveCfg = Debug|Any CPU
		{6A65B708-4AE9-4B48-ABB1-BF6A92F7ADB5}.Debug|x86.Build.0 = Debug|Any CPU
		{6A65B708-4AE9-4B48-ABB1-BF6A92F7ADB5}.Release|Any CPU.ActiveCfg = Release|Any CPU
		{6A65B708-4AE9-4B48-ABB1-BF6A92F7ADB5}.Release|Any CPU.Build.0 = Release|Any CPU
		{6A65B708-4AE9-4B48-ABB1-BF6A92F7ADB5}.Release|x64.ActiveCfg = Release|Any CPU
		{6A65B708-4AE9-4B48-ABB1-BF6A92F7ADB5}.Release|x64.Build.0 = Release|Any CPU
		{6A65B708-4AE9-4B48-ABB1-BF6A92F7ADB5}.Release|x86.ActiveCfg = Release|Any CPU
		{6A65B708-4AE9-4B48-ABB1-BF6A92F7ADB5}.Release|x86.Build.0 = Release|Any CPU
		{0240DFFB-C211-4521-897E-8D7A6AFA0688}.Debug|Any CPU.ActiveCfg = Debug|Any CPU
		{0240DFFB-C211-4521-897E-8D7A6AFA0688}.Debug|Any CPU.Build.0 = Debug|Any CPU
		{0240DFFB-C211-4521-897E-8D7A6AFA0688}.Debug|x64.ActiveCfg = Debug|Any CPU
		{0240DFFB-C211-4521-897E-8D7A6AFA0688}.Debug|x64.Build.0 = Debug|Any CPU
		{0240DFFB-C211-4521-897E-8D7A6AFA0688}.Debug|x86.ActiveCfg = Debug|Any CPU
		{0240DFFB-C211-4521-897E-8D7A6AFA0688}.Debug|x86.Build.0 = Debug|Any CPU
		{0240DFFB-C211-4521-897E-8D7A6AFA0688}.Release|Any CPU.ActiveCfg = Release|Any CPU
		{0240DFFB-C211-4521-897E-8D7A6AFA0688}.Release|Any CPU.Build.0 = Release|Any CPU
		{0240DFFB-C211-4521-897E-8D7A6AFA0688}.Release|x64.ActiveCfg = Release|Any CPU
		{0240DFFB-C211-4521-897E-8D7A6AFA0688}.Release|x64.Build.0 = Release|Any CPU
		{0240DFFB-C211-4521-897E-8D7A6AFA0688}.Release|x86.ActiveCfg = Release|Any CPU
		{0240DFFB-C211-4521-897E-8D7A6AFA0688}.Release|x86.Build.0 = Release|Any CPU
		{7D1FCCC2-80A4-4D57-ACC7-ECB8396210C0}.Debug|Any CPU.ActiveCfg = Debug|Any CPU
		{7D1FCCC2-80A4-4D57-ACC7-ECB8396210C0}.Debug|Any CPU.Build.0 = Debug|Any CPU
		{7D1FCCC2-80A4-4D57-ACC7-ECB8396210C0}.Debug|x64.ActiveCfg = Debug|Any CPU
		{7D1FCCC2-80A4-4D57-ACC7-ECB8396210C0}.Debug|x64.Build.0 = Debug|Any CPU
		{7D1FCCC2-80A4-4D57-ACC7-ECB8396210C0}.Debug|x86.ActiveCfg = Debug|Any CPU
		{7D1FCCC2-80A4-4D57-ACC7-ECB8396210C0}.Debug|x86.Build.0 = Debug|Any CPU
		{7D1FCCC2-80A4-4D57-ACC7-ECB8396210C0}.Release|Any CPU.ActiveCfg = Release|Any CPU
		{7D1FCCC2-80A4-4D57-ACC7-ECB8396210C0}.Release|Any CPU.Build.0 = Release|Any CPU
		{7D1FCCC2-80A4-4D57-ACC7-ECB8396210C0}.Release|x64.ActiveCfg = Release|Any CPU
		{7D1FCCC2-80A4-4D57-ACC7-ECB8396210C0}.Release|x64.Build.0 = Release|Any CPU
		{7D1FCCC2-80A4-4D57-ACC7-ECB8396210C0}.Release|x86.ActiveCfg = Release|Any CPU
		{7D1FCCC2-80A4-4D57-ACC7-ECB8396210C0}.Release|x86.Build.0 = Release|Any CPU
		{5BB0CE32-992B-4219-99DB-4D4D3018E9B9}.Debug|Any CPU.ActiveCfg = Debug|Any CPU
		{5BB0CE32-992B-4219-99DB-4D4D3018E9B9}.Debug|Any CPU.Build.0 = Debug|Any CPU
		{5BB0CE32-992B-4219-99DB-4D4D3018E9B9}.Debug|x64.ActiveCfg = Debug|Any CPU
		{5BB0CE32-992B-4219-99DB-4D4D3018E9B9}.Debug|x64.Build.0 = Debug|Any CPU
		{5BB0CE32-992B-4219-99DB-4D4D3018E9B9}.Debug|x86.ActiveCfg = Debug|Any CPU
		{5BB0CE32-992B-4219-99DB-4D4D3018E9B9}.Debug|x86.Build.0 = Debug|Any CPU
		{5BB0CE32-992B-4219-99DB-4D4D3018E9B9}.Release|Any CPU.ActiveCfg = Release|Any CPU
		{5BB0CE32-992B-4219-99DB-4D4D3018E9B9}.Release|Any CPU.Build.0 = Release|Any CPU
		{5BB0CE32-992B-4219-99DB-4D4D3018E9B9}.Release|x64.ActiveCfg = Release|Any CPU
		{5BB0CE32-992B-4219-99DB-4D4D3018E9B9}.Release|x64.Build.0 = Release|Any CPU
		{5BB0CE32-992B-4219-99DB-4D4D3018E9B9}.Release|x86.ActiveCfg = Release|Any CPU
		{5BB0CE32-992B-4219-99DB-4D4D3018E9B9}.Release|x86.Build.0 = Release|Any CPU
		{8BE477D3-87A9-4107-A675-A88494339DC4}.Debug|Any CPU.ActiveCfg = Debug|Any CPU
		{8BE477D3-87A9-4107-A675-A88494339DC4}.Debug|Any CPU.Build.0 = Debug|Any CPU
		{8BE477D3-87A9-4107-A675-A88494339DC4}.Debug|x64.ActiveCfg = Debug|Any CPU
		{8BE477D3-87A9-4107-A675-A88494339DC4}.Debug|x64.Build.0 = Debug|Any CPU
		{8BE477D3-87A9-4107-A675-A88494339DC4}.Debug|x86.ActiveCfg = Debug|Any CPU
		{8BE477D3-87A9-4107-A675-A88494339DC4}.Debug|x86.Build.0 = Debug|Any CPU
		{8BE477D3-87A9-4107-A675-A88494339DC4}.Release|Any CPU.ActiveCfg = Release|Any CPU
		{8BE477D3-87A9-4107-A675-A88494339DC4}.Release|Any CPU.Build.0 = Release|Any CPU
		{8BE477D3-87A9-4107-A675-A88494339DC4}.Release|x64.ActiveCfg = Release|Any CPU
		{8BE477D3-87A9-4107-A675-A88494339DC4}.Release|x64.Build.0 = Release|Any CPU
		{8BE477D3-87A9-4107-A675-A88494339DC4}.Release|x86.ActiveCfg = Release|Any CPU
		{8BE477D3-87A9-4107-A675-A88494339DC4}.Release|x86.Build.0 = Release|Any CPU
		{255BFBF0-4DCC-453A-BC39-496180B3B443}.Debug|Any CPU.ActiveCfg = Debug|Any CPU
		{255BFBF0-4DCC-453A-BC39-496180B3B443}.Debug|Any CPU.Build.0 = Debug|Any CPU
		{255BFBF0-4DCC-453A-BC39-496180B3B443}.Debug|x64.ActiveCfg = Debug|Any CPU
		{255BFBF0-4DCC-453A-BC39-496180B3B443}.Debug|x64.Build.0 = Debug|Any CPU
		{255BFBF0-4DCC-453A-BC39-496180B3B443}.Debug|x86.ActiveCfg = Debug|Any CPU
		{255BFBF0-4DCC-453A-BC39-496180B3B443}.Debug|x86.Build.0 = Debug|Any CPU
		{255BFBF0-4DCC-453A-BC39-496180B3B443}.Release|Any CPU.ActiveCfg = Release|Any CPU
		{255BFBF0-4DCC-453A-BC39-496180B3B443}.Release|Any CPU.Build.0 = Release|Any CPU
		{255BFBF0-4DCC-453A-BC39-496180B3B443}.Release|x64.ActiveCfg = Release|Any CPU
		{255BFBF0-4DCC-453A-BC39-496180B3B443}.Release|x64.Build.0 = Release|Any CPU
		{255BFBF0-4DCC-453A-BC39-496180B3B443}.Release|x86.ActiveCfg = Release|Any CPU
		{255BFBF0-4DCC-453A-BC39-496180B3B443}.Release|x86.Build.0 = Release|Any CPU
		{E643D021-3487-459E-BD71-80E260D87996}.Debug|Any CPU.ActiveCfg = Debug|Any CPU
		{E643D021-3487-459E-BD71-80E260D87996}.Debug|Any CPU.Build.0 = Debug|Any CPU
		{E643D021-3487-459E-BD71-80E260D87996}.Debug|x64.ActiveCfg = Debug|Any CPU
		{E643D021-3487-459E-BD71-80E260D87996}.Debug|x64.Build.0 = Debug|Any CPU
		{E643D021-3487-459E-BD71-80E260D87996}.Debug|x86.ActiveCfg = Debug|Any CPU
		{E643D021-3487-459E-BD71-80E260D87996}.Debug|x86.Build.0 = Debug|Any CPU
		{E643D021-3487-459E-BD71-80E260D87996}.Release|Any CPU.ActiveCfg = Release|Any CPU
		{E643D021-3487-459E-BD71-80E260D87996}.Release|Any CPU.Build.0 = Release|Any CPU
		{E643D021-3487-459E-BD71-80E260D87996}.Release|x64.ActiveCfg = Release|Any CPU
		{E643D021-3487-459E-BD71-80E260D87996}.Release|x64.Build.0 = Release|Any CPU
		{E643D021-3487-459E-BD71-80E260D87996}.Release|x86.ActiveCfg = Release|Any CPU
		{E643D021-3487-459E-BD71-80E260D87996}.Release|x86.Build.0 = Release|Any CPU
		{5F02A579-653A-4F9F-9227-E89439A2EE9A}.Debug|Any CPU.ActiveCfg = Debug|Any CPU
		{5F02A579-653A-4F9F-9227-E89439A2EE9A}.Debug|Any CPU.Build.0 = Debug|Any CPU
		{5F02A579-653A-4F9F-9227-E89439A2EE9A}.Debug|x64.ActiveCfg = Debug|Any CPU
		{5F02A579-653A-4F9F-9227-E89439A2EE9A}.Debug|x64.Build.0 = Debug|Any CPU
		{5F02A579-653A-4F9F-9227-E89439A2EE9A}.Debug|x86.ActiveCfg = Debug|Any CPU
		{5F02A579-653A-4F9F-9227-E89439A2EE9A}.Debug|x86.Build.0 = Debug|Any CPU
		{5F02A579-653A-4F9F-9227-E89439A2EE9A}.Release|Any CPU.ActiveCfg = Release|Any CPU
		{5F02A579-653A-4F9F-9227-E89439A2EE9A}.Release|Any CPU.Build.0 = Release|Any CPU
		{5F02A579-653A-4F9F-9227-E89439A2EE9A}.Release|x64.ActiveCfg = Release|Any CPU
		{5F02A579-653A-4F9F-9227-E89439A2EE9A}.Release|x64.Build.0 = Release|Any CPU
		{5F02A579-653A-4F9F-9227-E89439A2EE9A}.Release|x86.ActiveCfg = Release|Any CPU
		{5F02A579-653A-4F9F-9227-E89439A2EE9A}.Release|x86.Build.0 = Release|Any CPU
		{B9B3FE1D-8D14-4F1D-95B2-9E2F502F77E0}.Debug|Any CPU.ActiveCfg = Debug|Any CPU
		{B9B3FE1D-8D14-4F1D-95B2-9E2F502F77E0}.Debug|Any CPU.Build.0 = Debug|Any CPU
		{B9B3FE1D-8D14-4F1D-95B2-9E2F502F77E0}.Debug|x64.ActiveCfg = Debug|Any CPU
		{B9B3FE1D-8D14-4F1D-95B2-9E2F502F77E0}.Debug|x64.Build.0 = Debug|Any CPU
		{B9B3FE1D-8D14-4F1D-95B2-9E2F502F77E0}.Debug|x86.ActiveCfg = Debug|Any CPU
		{B9B3FE1D-8D14-4F1D-95B2-9E2F502F77E0}.Debug|x86.Build.0 = Debug|Any CPU
		{B9B3FE1D-8D14-4F1D-95B2-9E2F502F77E0}.Release|Any CPU.ActiveCfg = Release|Any CPU
		{B9B3FE1D-8D14-4F1D-95B2-9E2F502F77E0}.Release|Any CPU.Build.0 = Release|Any CPU
		{B9B3FE1D-8D14-4F1D-95B2-9E2F502F77E0}.Release|x64.ActiveCfg = Release|Any CPU
		{B9B3FE1D-8D14-4F1D-95B2-9E2F502F77E0}.Release|x64.Build.0 = Release|Any CPU
		{B9B3FE1D-8D14-4F1D-95B2-9E2F502F77E0}.Release|x86.ActiveCfg = Release|Any CPU
		{B9B3FE1D-8D14-4F1D-95B2-9E2F502F77E0}.Release|x86.Build.0 = Release|Any CPU
		{DB3E6C61-74A7-4CBF-8889-E36CB176338E}.Debug|Any CPU.ActiveCfg = Debug|Any CPU
		{DB3E6C61-74A7-4CBF-8889-E36CB176338E}.Debug|Any CPU.Build.0 = Debug|Any CPU
		{DB3E6C61-74A7-4CBF-8889-E36CB176338E}.Debug|x64.ActiveCfg = Debug|Any CPU
		{DB3E6C61-74A7-4CBF-8889-E36CB176338E}.Debug|x64.Build.0 = Debug|Any CPU
		{DB3E6C61-74A7-4CBF-8889-E36CB176338E}.Debug|x86.ActiveCfg = Debug|Any CPU
		{DB3E6C61-74A7-4CBF-8889-E36CB176338E}.Debug|x86.Build.0 = Debug|Any CPU
		{DB3E6C61-74A7-4CBF-8889-E36CB176338E}.Release|Any CPU.ActiveCfg = Release|Any CPU
		{DB3E6C61-74A7-4CBF-8889-E36CB176338E}.Release|Any CPU.Build.0 = Release|Any CPU
		{DB3E6C61-74A7-4CBF-8889-E36CB176338E}.Release|x64.ActiveCfg = Release|Any CPU
		{DB3E6C61-74A7-4CBF-8889-E36CB176338E}.Release|x64.Build.0 = Release|Any CPU
		{DB3E6C61-74A7-4CBF-8889-E36CB176338E}.Release|x86.ActiveCfg = Release|Any CPU
		{DB3E6C61-74A7-4CBF-8889-E36CB176338E}.Release|x86.Build.0 = Release|Any CPU
	EndGlobalSection
	GlobalSection(SolutionProperties) = preSolution
		HideSolutionNode = FALSE
	EndGlobalSection
	GlobalSection(NestedProjects) = preSolution
		{BFF2DF6E-AA54-47C7-211F-79ACCBB4577C} = {827E0CD3-B72D-47B6-A68D-7590B98EB39B}
		{6A65B708-4AE9-4B48-ABB1-BF6A92F7ADB5} = {BFF2DF6E-AA54-47C7-211F-79ACCBB4577C}
		{0240DFFB-C211-4521-897E-8D7A6AFA0688} = {BFF2DF6E-AA54-47C7-211F-79ACCBB4577C}
		{7D1FCCC2-80A4-4D57-ACC7-ECB8396210C0} = {BFF2DF6E-AA54-47C7-211F-79ACCBB4577C}
		{5F45A920-9006-46AC-EC64-2792A5D1D95E} = {827E0CD3-B72D-47B6-A68D-7590B98EB39B}
		{5BB0CE32-992B-4219-99DB-4D4D3018E9B9} = {5F45A920-9006-46AC-EC64-2792A5D1D95E}
		{F8CC3675-6C11-2C91-57BA-9FF24215F3F4} = {827E0CD3-B72D-47B6-A68D-7590B98EB39B}
		{8BE477D3-87A9-4107-A675-A88494339DC4} = {F8CC3675-6C11-2C91-57BA-9FF24215F3F4}
		{8D626EA8-CB54-BC41-363A-217881BEBA6E} = {827E0CD3-B72D-47B6-A68D-7590B98EB39B}
		{255BFBF0-4DCC-453A-BC39-496180B3B443} = {8D626EA8-CB54-BC41-363A-217881BEBA6E}
		{E643D021-3487-459E-BD71-80E260D87996} = {BFF2DF6E-AA54-47C7-211F-79ACCBB4577C}
		{9771D518-1739-75AE-E965-F05B00BED883} = {827E0CD3-B72D-47B6-A68D-7590B98EB39B}
		{5F02A579-653A-4F9F-9227-E89439A2EE9A} = {9771D518-1739-75AE-E965-F05B00BED883}
		{B9B3FE1D-8D14-4F1D-95B2-9E2F502F77E0} = {827E0CD3-B72D-47B6-A68D-7590B98EB39B}
		{DB3E6C61-74A7-4CBF-8889-E36CB176338E} = {827E0CD3-B72D-47B6-A68D-7590B98EB39B}
	EndGlobalSection
EndGlobal
